
Microsoft Visual Studio Solution File, Format Version 12.00
# Visual Studio Version 17
VisualStudioVersion = 17.7.33927.210
MinimumVisualStudioVersion = 10.0.40219.1
Project("{FAE04EC0-301F-11D3-BF4B-00C04F79EFBC}") = "FastestDuplicateFileFinder", "FastestDuplicateFileFinder\FastestDuplicateFileFinder.csproj", "{6D7FF452-88BD-4EC4-B03B-2B9935A3DC30}"
EndProject
Project("{2150E333-8FDC-42A3-9474-1A3956D46DE8}") = "Solution Items", "Solution Items", "{A6CFA34B-F3A3-4D4A-843E-C5AFAD3F8DE6}"
	ProjectSection(SolutionItems) = preProject
		LICENSE = LICENSE
		ReadMe.md = ReadMe.md
	EndProjectSection
EndProject
Global
	GlobalSection(SolutionConfigurationPlatforms) = preSolution
		Debug|Any CPU = Debug|Any CPU
		Release|Any CPU = Release|Any CPU
	EndGlobalSection
	GlobalSection(ProjectConfigurationPlatforms) = postSolution
		{6D7FF452-88BD-4EC4-B03B-2B9935A3DC30}.Debug|Any CPU.ActiveCfg = Debug|Any CPU
		{6D7FF452-88BD-4EC4-B03B-2B9935A3DC30}.Debug|Any CPU.Build.0 = Debug|Any CPU
		{6D7FF452-88BD-4EC4-B03B-2B9935A3DC30}.Release|Any CPU.ActiveCfg = Release|Any CPU
		{6D7FF452-88BD-4EC4-B03B-2B9935A3DC30}.Release|Any CPU.Build.0 = Release|Any CPU
	EndGlobalSection
	GlobalSection(SolutionProperties) = preSolution
		HideSolutionNode = FALSE
	EndGlobalSection
	GlobalSection(ExtensibilityGlobals) = postSolution
		SolutionGuid = {8CF2458B-5CC6-4E58-9961-862A5E423051}
	EndGlobalSection
EndGlobal
